Microsoft Visual Studio Solution File, Format Version 12.00
# Visual Studio Version 17
VisualStudioVersion = 17.5.2.0
MinimumVisualStudioVersion = 10.0.40219.1
Project("{FAE04EC0-301F-11D3-BF4B-00C04F79EFBC}") = "Forum.Server", "Forum.Server.csproj", "{0AD0A394-F86C-C52B-BBC8-566A11B699A7}"
EndProject
Global
	GlobalSection(SolutionConfigurationPlatforms) = preSolution
		Debug|Any CPU = Debug|Any CPU
		Release|Any CPU = Release|Any CPU
	EndGlobalSection
	GlobalSection(ProjectConfigurationPlatforms) = postSolution
		{0AD0A394-F86C-C52B-BBC8-566A11B699A7}.Debug|Any CPU.ActiveCfg = Debug|Any CPU
		{0AD0A394-F86C-C52B-BBC8-566A11B699A7}.Debug|Any CPU.Build.0 = Debug|Any CPU
		{0AD0A394-F86C-C52B-BBC8-566A11B699A7}.Release|Any CPU.ActiveCfg = Release|Any CPU
		{0AD0A394-F86C-C52B-BBC8-566A11B699A7}.Release|Any CPU.Build.0 = Release|Any CPU
	EndGlobalSection
	GlobalSection(SolutionProperties) = preSolution
		HideSolutionNode = FALSE
	EndGlobalSection
	GlobalSection(ExtensibilityGlobals) = postSolution
		SolutionGuid = {63D66C87-02AB-4A85-BC76-9DA3F234D39B}
	EndGlobalSection
EndGlobal
